<Solution>
  <Folder Name="/src/" />
  <Folder Name="/src/Aspire/">
    <Project Path="src/Aspire/SocietyHub.AppHost/SocietyHub.AppHost.csproj" />
  </Folder>
  <Folder Name="/src/BuildingBlocks/">
    <Project Path="src/BuildingBlocks/SocietyHub.Caching/SocietyHub.Caching.csproj" />
    <Project Path="src/BuildingBlocks/SocietyHub.Contracts/SocietyHub.Contracts.csproj" />
    <Project Path="src/BuildingBlocks/SocietyHub.Features/SocietyHub.Features.csproj" />
    <Project Path="src/BuildingBlocks/SocietyHub.Messaging/SocietyHub.Messaging.csproj" />
    <Project Path="src/BuildingBlocks/SocietyHub.Persistence/SocietyHub.Persistence.csproj" />
    <Project Path="src/BuildingBlocks/SocietyHub.ServiceDefaults/SocietyHub.ServiceDefaults.csproj" />
    <Project Path="src/BuildingBlocks/SocietyHub.SharedKernel/SocietyHub.SharedKernel.csproj" />
    <Project Path="src/BuildingBlocks/SocietyHub.Web/SocietyHub.Web.csproj" />
  </Folder>
  <Folder Name="/src/Gateway/">
    <Project Path="src/Gateway/SocietyHub.ApiGateway/SocietyHub.ApiGateway.csproj" />
  </Folder>
  <Folder Name="/src/Services/" />
  <Folder Name="/src/Services/Gate/">
    <Project Path="src/Services/Gate/SocietyHub.Gate.Api/SocietyHub.Gate.Api.csproj" />
  </Folder>
  <Folder Name="/src/Services/Helpdesk/">
    <Project Path="src/Services/Helpdesk/SocietyHub.Helpdesk.Api/SocietyHub.Helpdesk.Api.csproj" />
  </Folder>
  <Folder Name="/src/Services/Identity/">
    <Project Path="src/Services/Identity/SocietyHub.Identity.Api/SocietyHub.Identity.Api.csproj" />
  </Folder>
  <Folder Name="/src/Services/Notice/">
    <Project Path="src/Services/Notice/SocietyHub.Notice.Api/SocietyHub.Notice.Api.csproj" />
  </Folder>
  <Folder Name="/src/Services/Notification/">
    <Project Path="src/Services/Notification/SocietyHub.Notification.Api/SocietyHub.Notification.Api.csproj" />
  </Folder>
  <Folder Name="/src/Services/Society/">
    <Project Path="src/Services/Society/SocietyHub.Society.Api/SocietyHub.Society.Api.csproj" />
  </Folder>
  <Folder Name="/tests/">
    <Project Path="tests/SocietyHub.Features.Tests/SocietyHub.Features.Tests.csproj" />
    <Project Path="tests/SocietyHub.Gate.Tests/SocietyHub.Gate.Tests.csproj" />
    <Project Path="tests/SocietyHub.Helpdesk.Tests/SocietyHub.Helpdesk.Tests.csproj" />
    <Project Path="tests/SocietyHub.Identity.Tests/SocietyHub.Identity.Tests.csproj" />
    <Project Path="tests/SocietyHub.IntegrationTests/SocietyHub.IntegrationTests.csproj" />
    <Project Path="tests/SocietyHub.Notice.Tests/SocietyHub.Notice.Tests.csproj" />
    <Project Path="tests/SocietyHub.Notification.Tests/SocietyHub.Notification.Tests.csproj" />
    <Project Path="tests/SocietyHub.Persistence.Tests/SocietyHub.Persistence.Tests.csproj" />
    <Project Path="tests/SocietyHub.Platform.Tests/SocietyHub.Platform.Tests.csproj" />
    <Project Path="tests/SocietyHub.Society.Tests/SocietyHub.Society.Tests.csproj" />
    <Project Path="tests/SocietyHub.Tenancy.Tests/SocietyHub.Tenancy.Tests.csproj" />
  </Folder>
</Solution>
